# Generated by pub
# See https://dart.dev/tools/pub/glossary#lockfile
packages:
  addon:
    dependency: transitive
    description:
      path: "packages/addon"
      relative: true
    source: path
    version: "1.1.0"
  engine_logic:
    dependency: "direct main"
    description:
      path: "packages/engine_logic"
      relative: true
    source: path
    version: "1.1.0"
  labels:
    dependency: "direct main"
    description:
      path: "packages/labels"
      relative: true
    source: path
    version: "1.1.0"
  utility:
    dependency: transitive
    description:
      path: "packages/utility"
      relative: true
    source: path
    version: "1.1.0"
sdks:
  dart: ">=3.1.0 <3.13.0"
